
Microsoft Visual Studio Solution File, Format Version 12.00
# Visual Studio Version 16
VisualStudioVersion = 16.0.30517.126
MinimumVisualStudioVersion = 10.0.40219.1
Project("{FAE04EC0-301F-11D3-BF4B-00C04F79EFBC}") = "ClassMethodAssignment2", "ClassMethodAssignment2\ClassMethodAssignment2.csproj", "{37B83FF0-7051-4450-9C43-FFB48CEBB616}"
EndProject
Global
	GlobalSection(SolutionConfigurationPlatforms) = preSolution
		Debug|Any CPU = Debug|Any CPU
		Release|Any CPU = Release|Any CPU
	EndGlobalSection
	GlobalSection(ProjectConfigurationPlatforms) = postSolution
		{37B83FF0-7051-4450-9C43-FFB48CEBB616}.Debug|Any CPU.ActiveCfg = Debug|Any CPU
		{37B83FF0-7051-4450-9C43-FFB48CEBB616}.Debug|Any CPU.Build.0 = Debug|Any CPU
		{37B83FF0-7051-4450-9C43-FFB48CEBB616}.Release|Any CPU.ActiveCfg = Release|Any CPU
		{37B83FF0-7051-4450-9C43-FFB48CEBB616}.Release|Any CPU.Build.0 = Release|Any CPU
	EndGlobalSection
	GlobalSection(SolutionProperties) = preSolution
		HideSolutionNode = FALSE
	EndGlobalSection
	GlobalSection(ExtensibilityGlobals) = postSolution
		SolutionGuid = {886E75B1-DF99-4157-B520-69325622D260}
	EndGlobalSection
EndGlobal
