
Microsoft Visual Studio Solution File, Format Version 12.00
# Visual Studio Version 16
VisualStudioVersion = 16.0.30517.126
MinimumVisualStudioVersion = 10.0.40219.1
Project("{FAE04EC0-301F-11D3-BF4B-00C04F79EFBC}") = "HelloWorld", "HelloWorld\HelloWorld.csproj", "{A04AA501-C744-465A-8C3E-89076D1821BC}"
EndProject
Global
	GlobalSection(SolutionConfigurationPlatforms) = preSolution
		Debug|Any CPU = Debug|Any CPU
		Release|Any CPU = Release|Any CPU
	EndGlobalSection
	GlobalSection(ProjectConfigurationPlatforms) = postSolution
		{A04AA501-C744-465A-8C3E-89076D1821BC}.Debug|Any CPU.ActiveCfg = Debug|Any CPU
		{A04AA501-C744-465A-8C3E-89076D1821BC}.Debug|Any CPU.Build.0 = Debug|Any CPU
		{A04AA501-C744-465A-8C3E-89076D1821BC}.Release|Any CPU.ActiveCfg = Release|Any CPU
		{A04AA501-C744-465A-8C3E-89076D1821BC}.Release|Any CPU.Build.0 = Release|Any CPU
	EndGlobalSection
	GlobalSection(SolutionProperties) = preSolution
		HideSolutionNode = FALSE
	EndGlobalSection
	GlobalSection(ExtensibilityGlobals) = postSolution
		SolutionGuid = {3909A3D9-5305-4914-91C9-D206B7FCB67F}
	EndGlobalSection
EndGlobal
