
Microsoft Visual Studio Solution File, Format Version 12.00
# Visual Studio Version 16
VisualStudioVersion = 16.0.30517.126
MinimumVisualStudioVersion = 10.0.40219.1
Project("{FAE04EC0-301F-11D3-BF4B-00C04F79EFBC}") = "ConsoleAppSixPartAsssignment", "ConsoleAppSixPartAsssignment\ConsoleAppSixPartAsssignment.csproj", "{F814DBC3-BE17-470D-9E71-8ED6042999A8}"
EndProject
Global
	GlobalSection(SolutionConfigurationPlatforms) = preSolution
		Debug|Any CPU = Debug|Any CPU
		Release|Any CPU = Release|Any CPU
	EndGlobalSection
	GlobalSection(ProjectConfigurationPlatforms) = postSolution
		{F814DBC3-BE17-470D-9E71-8ED6042999A8}.Debug|Any CPU.ActiveCfg = Debug|Any CPU
		{F814DBC3-BE17-470D-9E71-8ED6042999A8}.Debug|Any CPU.Build.0 = Debug|Any CPU
		{F814DBC3-BE17-470D-9E71-8ED6042999A8}.Release|Any CPU.ActiveCfg = Release|Any CPU
		{F814DBC3-BE17-470D-9E71-8ED6042999A8}.Release|Any CPU.Build.0 = Release|Any CPU
	EndGlobalSection
	GlobalSection(SolutionProperties) = preSolution
		HideSolutionNode = FALSE
	EndGlobalSection
	GlobalSection(ExtensibilityGlobals) = postSolution
		SolutionGuid = {C008277C-0F0B-4668-A8D4-DC719317084C}
	EndGlobalSection
EndGlobal
