
Microsoft Visual Studio Solution File, Format Version 12.00
# Visual Studio Version 16
VisualStudioVersion = 16.0.30517.126
MinimumVisualStudioVersion = 10.0.40219.1
Project("{FAE04EC0-301F-11D3-BF4B-00C04F79EFBC}") = "DateTimeAssignment", "DateTimeAssignment\DateTimeAssignment.csproj", "{E01F9304-E139-41A3-85DF-2DC22A413477}"
EndProject
Global
	GlobalSection(SolutionConfigurationPlatforms) = preSolution
		Debug|Any CPU = Debug|Any CPU
		Release|Any CPU = Release|Any CPU
	EndGlobalSection
	GlobalSection(ProjectConfigurationPlatforms) = postSolution
		{E01F9304-E139-41A3-85DF-2DC22A413477}.Debug|Any CPU.ActiveCfg = Debug|Any CPU
		{E01F9304-E139-41A3-85DF-2DC22A413477}.Debug|Any CPU.Build.0 = Debug|Any CPU
		{E01F9304-E139-41A3-85DF-2DC22A413477}.Release|Any CPU.ActiveCfg = Release|Any CPU
		{E01F9304-E139-41A3-85DF-2DC22A413477}.Release|Any CPU.Build.0 = Release|Any CPU
	EndGlobalSection
	GlobalSection(SolutionProperties) = preSolution
		HideSolutionNode = FALSE
	EndGlobalSection
	GlobalSection(ExtensibilityGlobals) = postSolution
		SolutionGuid = {BD70529C-27E8-4D0A-9F11-B08504A1B280}
	EndGlobalSection
EndGlobal
