
Microsoft Visual Studio Solution File, Format Version 12.00
# Visual Studio Version 16
VisualStudioVersion = 16.0.31019.35
MinimumVisualStudioVersion = 10.0.40219.1
Project("{FAE04EC0-301F-11D3-BF4B-00C04F79EFBC}") = "NewsletterAppMVC", "NewsletterAppMVC\NewsletterAppMVC.csproj", "{B860050D-2AEF-4FB4-B2F7-3D264B638F20}"
EndProject
Global
	GlobalSection(SolutionConfigurationPlatforms) = preSolution
		Debug|Any CPU = Debug|Any CPU
		Release|Any CPU = Release|Any CPU
	EndGlobalSection
	GlobalSection(ProjectConfigurationPlatforms) = postSolution
		{B860050D-2AEF-4FB4-B2F7-3D264B638F20}.Debug|Any CPU.ActiveCfg = Debug|Any CPU
		{B860050D-2AEF-4FB4-B2F7-3D264B638F20}.Debug|Any CPU.Build.0 = Debug|Any CPU
		{B860050D-2AEF-4FB4-B2F7-3D264B638F20}.Release|Any CPU.ActiveCfg = Release|Any CPU
		{B860050D-2AEF-4FB4-B2F7-3D264B638F20}.Release|Any CPU.Build.0 = Release|Any CPU
	EndGlobalSection
	GlobalSection(SolutionProperties) = preSolution
		HideSolutionNode = FALSE
	EndGlobalSection
	GlobalSection(ExtensibilityGlobals) = postSolution
		SolutionGuid = {FECD9377-C0AB-45DB-AAA1-EE85CAE588D0}
	EndGlobalSection
EndGlobal
