
Microsoft Visual Studio Solution File, Format Version 12.00
# Visual Studio Version 16
VisualStudioVersion = 16.0.30517.126
MinimumVisualStudioVersion = 10.0.40219.1
Project("{FAE04EC0-301F-11D3-BF4B-00C04F79EFBC}") = "Iteration", "Iteration\Iteration.csproj", "{C0074657-B528-434B-8B93-B15098ABAD4E}"
EndProject
Global
	GlobalSection(SolutionConfigurationPlatforms) = preSolution
		Debug|Any CPU = Debug|Any CPU
		Release|Any CPU = Release|Any CPU
	EndGlobalSection
	GlobalSection(ProjectConfigurationPlatforms) = postSolution
		{C0074657-B528-434B-8B93-B15098ABAD4E}.Debug|Any CPU.ActiveCfg = Debug|Any CPU
		{C0074657-B528-434B-8B93-B15098ABAD4E}.Debug|Any CPU.Build.0 = Debug|Any CPU
		{C0074657-B528-434B-8B93-B15098ABAD4E}.Release|Any CPU.ActiveCfg = Release|Any CPU
		{C0074657-B528-434B-8B93-B15098ABAD4E}.Release|Any CPU.Build.0 = Release|Any CPU
	EndGlobalSection
	GlobalSection(SolutionProperties) = preSolution
		HideSolutionNode = FALSE
	EndGlobalSection
	GlobalSection(ExtensibilityGlobals) = postSolution
		SolutionGuid = {87AF550B-0726-486D-8C05-0654F34469CE}
	EndGlobalSection
EndGlobal
